
Microsoft Visual Studio Solution File, Format Version 12.00
# Visual Studio Version 17
VisualStudioVersion = 17.10.35027.167
MinimumVisualStudioVersion = 10.0.40219.1
Project("{9A19103F-16F7-4668-BE54-9A1E7A4F7556}") = "SimpleStore", "SimpleStore\SimpleStore.csproj", "{42F73528-AAEF-49F4-9D75-0124DAAFEE78}"
EndProject
Project("{2150E333-8FDC-42A3-9474-1A3956D46DE8}") = "Solution Items", "Solution Items", "{2EED7435-1279-4E66-BBE0-FDB1159732DE}"
	ProjectSection(SolutionItems) = preProject
		.editorconfig = .editorconfig
	EndProjectSection
EndProject
Global
	GlobalSection(SolutionConfigurationPlatforms) = preSolution
		Debug|Any CPU = Debug|Any CPU
		Release|Any CPU = Release|Any CPU
	EndGlobalSection
	GlobalSection(ProjectConfigurationPlatforms) = postSolution
		{42F73528-AAEF-49F4-9D75-0124DAAFEE78}.Debug|Any CPU.ActiveCfg = Debug|Any CPU
		{42F73528-AAEF-49F4-9D75-0124DAAFEE78}.Debug|Any CPU.Build.0 = Debug|Any CPU
		{42F73528-AAEF-49F4-9D75-0124DAAFEE78}.Release|Any CPU.ActiveCfg = Release|Any CPU
		{42F73528-AAEF-49F4-9D75-0124DAAFEE78}.Release|Any CPU.Build.0 = Release|Any CPU
	EndGlobalSection
	GlobalSection(SolutionProperties) = preSolution
		HideSolutionNode = FALSE
	EndGlobalSection
	GlobalSection(ExtensibilityGlobals) = postSolution
		SolutionGuid = {7E5823E1-0AF8-45E3-AE2D-8E0A508646C3}
	EndGlobalSection
EndGlobal
